
Microsoft Visual Studio Solution File, Format Version 12.00
# Visual Studio 15
VisualStudioVersion = 15.0.28010.2036
MinimumVisualStudioVersion = 10.0.40219.1
Project("{FAE04EC0-301F-11D3-BF4B-00C04F79EFBC}") = "Assessment 1", "Assessment 1\Assessment 1.csproj", "{0E2109C3-90E6-4C9C-90EB-A749E449A7DE}"
EndProject
Global
	GlobalSection(SolutionConfigurationPlatforms) = preSolution
		Debug|Any CPU = Debug|Any CPU
		Release|Any CPU = Release|Any CPU
	EndGlobalSection
	GlobalSection(ProjectConfigurationPlatforms) = postSolution
		{0E2109C3-90E6-4C9C-90EB-A749E449A7DE}.Debug|Any CPU.ActiveCfg = Debug|Any CPU
		{0E2109C3-90E6-4C9C-90EB-A749E449A7DE}.Debug|Any CPU.Build.0 = Debug|Any CPU
		{0E2109C3-90E6-4C9C-90EB-A749E449A7DE}.Release|Any CPU.ActiveCfg = Release|Any CPU
		{0E2109C3-90E6-4C9C-90EB-A749E449A7DE}.Release|Any CPU.Build.0 = Release|Any CPU
	EndGlobalSection
	GlobalSection(SolutionProperties) = preSolution
		HideSolutionNode = FALSE
	EndGlobalSection
	GlobalSection(ExtensibilityGlobals) = postSolution
		SolutionGuid = {6D41D7BF-88AD-4DD6-970A-5844BCB1B1C3}
	EndGlobalSection
EndGlobal
